
Microsoft Visual Studio Solution File, Format Version 12.00
# Visual Studio Version 17
VisualStudioVersion = 17.0.31903.59
MinimumVisualStudioVersion = 10.0.40219.1
Project("{2150E333-8FDC-42A3-9474-1A3956D46DE8}") = "src", "src", "{827E0CD3-B72D-47B6-A68D-7590B98EB39B}"
EndProject
Project("{FAE04EC0-301F-11D3-BF4B-00C04F79EFBC}") = "GalaxyWiki.API", "src\GalaxyWiki.API\GalaxyWiki.API.csproj", "{163FCA26-0CAF-4F2D-8413-BC696951DA60}"
EndProject
Project("{FAE04EC0-301F-11D3-BF4B-00C04F79EFBC}") = "GalaxyWiki.CLI", "src\GalaxyWiki.CLI\GalaxyWiki.CLI.csproj", "{DE634907-842C-4987-9643-4E582A6A6075}"
EndProject
Project("{FAE04EC0-301F-11D3-BF4B-00C04F79EFBC}") = "GalaxyWiki.Core", "src\GalaxyWiki.Core\GalaxyWiki.Core.csproj", "{F6D96706-EB74-4094-ABF3-F45E8C093299}"
EndProject
Project("{FAE04EC0-301F-11D3-BF4B-00C04F79EFBC}") = "GalaxyWiki.Application", "src\GalaxyWiki.Application\GalaxyWiki.Application.csproj", "{603F1E31-C23D-4632-9573-0D7F318DAF2E}"
EndProject
Project("{FAE04EC0-301F-11D3-BF4B-00C04F79EFBC}") = "GalaxyWiki.Infrastructure", "src\GalaxyWiki.Infrastructure\GalaxyWiki.Infrastructure.csproj", "{821892ED-9030-4C3C-8B59-7AA9BBEF70A0}"
EndProject
Project("{FAE04EC0-301F-11D3-BF4B-00C04F79EFBC}") = "GalaxyWiki.Tests", "src\GalaxyWiki.Tests\GalaxyWiki.Tests.csproj", "{5A9C8D4A-EB29-4F93-AA0A-7661CBA6BA0C}"
EndProject
Global
	GlobalSection(SolutionConfigurationPlatforms) = preSolution
		Debug|Any CPU = Debug|Any CPU
		Debug|x64 = Debug|x64
		Debug|x86 = Debug|x86
		Release|Any CPU = Release|Any CPU
		Release|x64 = Release|x64
		Release|x86 = Release|x86
	EndGlobalSection
	GlobalSection(ProjectConfigurationPlatforms) = postSolution
		{163FCA26-0CAF-4F2D-8413-BC696951DA60}.Debug|Any CPU.ActiveCfg = Debug|Any CPU
		{163FCA26-0CAF-4F2D-8413-BC696951DA60}.Debug|Any CPU.Build.0 = Debug|Any CPU
		{163FCA26-0CAF-4F2D-8413-BC696951DA60}.Debug|x64.ActiveCfg = Debug|Any CPU
		{163FCA26-0CAF-4F2D-8413-BC696951DA60}.Debug|x64.Build.0 = Debug|Any CPU
		{163FCA26-0CAF-4F2D-8413-BC696951DA60}.Debug|x86.ActiveCfg = Debug|Any CPU
		{163FCA26-0CAF-4F2D-8413-BC696951DA60}.Debug|x86.Build.0 = Debug|Any CPU
		{163FCA26-0CAF-4F2D-8413-BC696951DA60}.Release|Any CPU.ActiveCfg = Release|Any CPU
		{163FCA26-0CAF-4F2D-8413-BC696951DA60}.Release|Any CPU.Build.0 = Release|Any CPU
		{163FCA26-0CAF-4F2D-8413-BC696951DA60}.Release|x64.ActiveCfg = Release|Any CPU
		{163FCA26-0CAF-4F2D-8413-BC696951DA60}.Release|x64.Build.0 = Release|Any CPU
		{163FCA26-0CAF-4F2D-8413-BC696951DA60}.Release|x86.ActiveCfg = Release|Any CPU
		{163FCA26-0CAF-4F2D-8413-BC696951DA60}.Release|x86.Build.0 = Release|Any CPU
		{DE634907-842C-4987-9643-4E582A6A6075}.Debug|Any CPU.ActiveCfg = Debug|Any CPU
		{DE634907-842C-4987-9643-4E582A6A6075}.Debug|Any CPU.Build.0 = Debug|Any CPU
		{DE634907-842C-4987-9643-4E582A6A6075}.Debug|x64.ActiveCfg = Debug|Any CPU
		{DE634907-842C-4987-9643-4E582A6A6075}.Debug|x64.Build.0 = Debug|Any CPU
		{DE634907-842C-4987-9643-4E582A6A6075}.Debug|x86.ActiveCfg = Debug|Any CPU
		{DE634907-842C-4987-9643-4E582A6A6075}.Debug|x86.Build.0 = Debug|Any CPU
		{DE634907-842C-4987-9643-4E582A6A6075}.Release|Any CPU.ActiveCfg = Release|Any CPU
		{DE634907-842C-4987-9643-4E582A6A6075}.Release|Any CPU.Build.0 = Release|Any CPU
		{DE634907-842C-4987-9643-4E582A6A6075}.Release|x64.ActiveCfg = Release|Any CPU
		{DE634907-842C-4987-9643-4E582A6A6075}.Release|x64.Build.0 = Release|Any CPU
		{DE634907-842C-4987-9643-4E582A6A6075}.Release|x86.ActiveCfg = Release|Any CPU
		{DE634907-842C-4987-9643-4E582A6A6075}.Release|x86.Build.0 = Release|Any CPU
		{F6D96706-EB74-4094-ABF3-F45E8C093299}.Debug|Any CPU.ActiveCfg = Debug|Any CPU
		{F6D96706-EB74-4094-ABF3-F45E8C093299}.Debug|Any CPU.Build.0 = Debug|Any CPU
		{F6D96706-EB74-4094-ABF3-F45E8C093299}.Debug|x64.ActiveCfg = Debug|Any CPU
		{F6D96706-EB74-4094-ABF3-F45E8C093299}.Debug|x64.Build.0 = Debug|Any CPU
		{F6D96706-EB74-4094-ABF3-F45E8C093299}.Debug|x86.ActiveCfg = Debug|Any CPU
		{F6D96706-EB74-4094-ABF3-F45E8C093299}.Debug|x86.Build.0 = Debug|Any CPU
		{F6D96706-EB74-4094-ABF3-F45E8C093299}.Release|Any CPU.ActiveCfg = Release|Any CPU
		{F6D96706-EB74-4094-ABF3-F45E8C093299}.Release|Any CPU.Build.0 = Release|Any CPU
		{F6D96706-EB74-4094-ABF3-F45E8C093299}.Release|x64.ActiveCfg = Release|Any CPU
		{F6D96706-EB74-4094-ABF3-F45E8C093299}.Release|x64.Build.0 = Release|Any CPU
		{F6D96706-EB74-4094-ABF3-F45E8C093299}.Release|x86.ActiveCfg = Release|Any CPU
		{F6D96706-EB74-4094-ABF3-F45E8C093299}.Release|x86.Build.0 = Release|Any CPU
		{603F1E31-C23D-4632-9573-0D7F318DAF2E}.Debug|Any CPU.ActiveCfg = Debug|Any CPU
		{603F1E31-C23D-4632-9573-0D7F318DAF2E}.Debug|Any CPU.Build.0 = Debug|Any CPU
		{603F1E31-C23D-4632-9573-0D7F318DAF2E}.Debug|x64.ActiveCfg = Debug|Any CPU
		{603F1E31-C23D-4632-9573-0D7F318DAF2E}.Debug|x64.Build.0 = Debug|Any CPU
		{603F1E31-C23D-4632-9573-0D7F318DAF2E}.Debug|x86.ActiveCfg = Debug|Any CPU
		{603F1E31-C23D-4632-9573-0D7F318DAF2E}.Debug|x86.Build.0 = Debug|Any CPU
		{603F1E31-C23D-4632-9573-0D7F318DAF2E}.Release|Any CPU.ActiveCfg = Release|Any CPU
		{603F1E31-C23D-4632-9573-0D7F318DAF2E}.Release|Any CPU.Build.0 = Release|Any CPU
		{603F1E31-C23D-4632-9573-0D7F318DAF2E}.Release|x64.ActiveCfg = Release|Any CPU
		{603F1E31-C23D-4632-9573-0D7F318DAF2E}.Release|x64.Build.0 = Release|Any CPU
		{603F1E31-C23D-4632-9573-0D7F318DAF2E}.Release|x86.ActiveCfg = Release|Any CPU
		{603F1E31-C23D-4632-9573-0D7F318DAF2E}.Release|x86.Build.0 = Release|Any CPU
		{821892ED-9030-4C3C-8B59-7AA9BBEF70A0}.Debug|Any CPU.ActiveCfg = Debug|Any CPU
		{821892ED-9030-4C3C-8B59-7AA9BBEF70A0}.Debug|Any CPU.Build.0 = Debug|Any CPU
		{821892ED-9030-4C3C-8B59-7AA9BBEF70A0}.Debug|x64.ActiveCfg = Debug|Any CPU
		{821892ED-9030-4C3C-8B59-7AA9BBEF70A0}.Debug|x64.Build.0 = Debug|Any CPU
		{821892ED-9030-4C3C-8B59-7AA9BBEF70A0}.Debug|x86.ActiveCfg = Debug|Any CPU
		{821892ED-9030-4C3C-8B59-7AA9BBEF70A0}.Debug|x86.Build.0 = Debug|Any CPU
		{821892ED-9030-4C3C-8B59-7AA9BBEF70A0}.Release|Any CPU.ActiveCfg = Release|Any CPU
		{821892ED-9030-4C3C-8B59-7AA9BBEF70A0}.Release|Any CPU.Build.0 = Release|Any CPU
		{821892ED-9030-4C3C-8B59-7AA9BBEF70A0}.Release|x64.ActiveCfg = Release|Any CPU
		{821892ED-9030-4C3C-8B59-7AA9BBEF70A0}.Release|x64.Build.0 = Release|Any CPU
		{821892ED-9030-4C3C-8B59-7AA9BBEF70A0}.Release|x86.ActiveCfg = Release|Any CPU
		{821892ED-9030-4C3C-8B59-7AA9BBEF70A0}.Release|x86.Build.0 = Release|Any CPU
		{5A9C8D4A-EB29-4F93-AA0A-7661CBA6BA0C}.Debug|Any CPU.ActiveCfg = Debug|Any CPU
		{5A9C8D4A-EB29-4F93-AA0A-7661CBA6BA0C}.Debug|Any CPU.Build.0 = Debug|Any CPU
		{5A9C8D4A-EB29-4F93-AA0A-7661CBA6BA0C}.Debug|x64.ActiveCfg = Debug|Any CPU
		{5A9C8D4A-EB29-4F93-AA0A-7661CBA6BA0C}.Debug|x64.Build.0 = Debug|Any CPU
		{5A9C8D4A-EB29-4F93-AA0A-7661CBA6BA0C}.Debug|x86.ActiveCfg = Debug|Any CPU
		{5A9C8D4A-EB29-4F93-AA0A-7661CBA6BA0C}.Debug|x86.Build.0 = Debug|Any CPU
		{5A9C8D4A-EB29-4F93-AA0A-7661CBA6BA0C}.Release|Any CPU.ActiveCfg = Release|Any CPU
		{5A9C8D4A-EB29-4F93-AA0A-7661CBA6BA0C}.Release|Any CPU.Build.0 = Release|Any CPU
		{5A9C8D4A-EB29-4F93-AA0A-7661CBA6BA0C}.Release|x64.ActiveCfg = Release|Any CPU
		{5A9C8D4A-EB29-4F93-AA0A-7661CBA6BA0C}.Release|x64.Build.0 = Release|Any CPU
		{5A9C8D4A-EB29-4F93-AA0A-7661CBA6BA0C}.Release|x86.ActiveCfg = Release|Any CPU
		{5A9C8D4A-EB29-4F93-AA0A-7661CBA6BA0C}.Release|x86.Build.0 = Release|Any CPU
	EndGlobalSection
	GlobalSection(SolutionProperties) = preSolution
		HideSolutionNode = FALSE
	EndGlobalSection
	GlobalSection(NestedProjects) = preSolution
		{163FCA26-0CAF-4F2D-8413-BC696951DA60} = {827E0CD3-B72D-47B6-A68D-7590B98EB39B}
		{DE634907-842C-4987-9643-4E582A6A6075} = {827E0CD3-B72D-47B6-A68D-7590B98EB39B}
		{F6D96706-EB74-4094-ABF3-F45E8C093299} = {827E0CD3-B72D-47B6-A68D-7590B98EB39B}
		{603F1E31-C23D-4632-9573-0D7F318DAF2E} = {827E0CD3-B72D-47B6-A68D-7590B98EB39B}
		{821892ED-9030-4C3C-8B59-7AA9BBEF70A0} = {827E0CD3-B72D-47B6-A68D-7590B98EB39B}
		{5A9C8D4A-EB29-4F93-AA0A-7661CBA6BA0C} = {827E0CD3-B72D-47B6-A68D-7590B98EB39B}
	EndGlobalSection
EndGlobal
