{
  "version": 4,
  "terraform_version": "1.10.5",
  "serial": 151,
  "lineage": "d03a0315-d7f3-e818-8c76-b07b13a01e2d",
  "outputs": {
    "api_endpoint": {
      "value": "ec2-54-246-160-243.eu-west-1.compute.amazonaws.com",
      "type": "string"
    },
    "database_endpoint": {
      "value": "galaxy-db.cpnugokqk56v.eu-west-1.rds.amazonaws.com:5432",
      "type": "string"
    },
    "ec2_host": {
      "value": "ec2-54-246-160-243.eu-west-1.compute.amazonaws.com",
      "type": "string"
    },
    "ssh_private_key": {
      "value": "-----BEGIN RSA PRIVATE KEY-----\nMIIJKAIBAAKCAgEA1JNMhAyWL7YGnK0t+TAIQXMxj3TbpUesSXfs2q79rpu+UgFa\n64+wPfv+Zr/Y8n92K4sT+Yv/sPhWMtRCUrugFmRRVzE/fsI0KCiOU5d65CV4CyMR\nj6tbX+3emsC6qR7I/dqPsS+utNX0zwdtAxYCEgTPQKY44fpE0o/Lq7nQao/zc76N\nMm9LS9uJUha+T18/pjuD1HijrrQ+/JVOVuBuRkOU5vZFk7e+G49KfLsflgbpZAfB\n4NFcik2HKr8I2ct1+SX7Tu2I5HwywZ33Q5+Av2tZdoPWDfo2tYx766+R35Kw7ICL\nWqes4i/vKG8wlT5UcSzc0E22cebIa42HJh2MgZ7Af/fmUinMaBvg4lDUIUN/tJI/\nUKKX7evO9bld7dOfrDW0bcxAhaKyIwmkbrRn07/lCIc24sEw55ZOZJ2qvaGDpt84\nKLJ40qBKsLscBmPMkpgczvN+6WzC/4MUTWrJ5uCyCpEwWIlYW50lQ/9q2YJ9xQrF\ncCwx+qGbs/vgWyxSm0Yqri+RGzWXhEXRL/7RFTfgD+XPjlphfpwyfpAlq9sxb35v\nziSPlH8irNcDZ3Q0vUmCNybEplMCkmWjia9I8w8M0GK4IrC+Wnqr9ZhTbs9t/W5X\nxKWYekMeRVNJ3H2CtoMFOOQDGE8Y6sm6OIDGL/0t8yw+QPrbyVwx93HK8/0CAwEA\nAQKCAgB44QYKtOmWWejqoSPaZnDbXvjYvbfFBbu3z2U1eXqyFsgj87dS6lNq++fP\nX9qrEsYMvrpuFikg5iaGIuNQDndbJFKIxW141FA6Yc2FRUdRguj/VELBMsz0ANyr\nnVrHnsTmbal2NUogdOYP8AYSUip9OpTsC1mfTuRh4/kKPtCAODlVIQ9Dlbv4d+9f\naaVwlxYnngI6CRvy1XZXxUNV7atncziyGWq5NCv7mgDear3sXyPKiQq7n/ICh1GM\ngjMzPhpowitk13gXjXSDWyNnJcVdlFq8JP3M1vLTS/6PqDfILa9D3VjhBSYvPNi/\nYnL6+wWjkcJDBV3w6S4g0sr+ZqElbrtilqUqvM0YXi7pr7OkMDxJ1saViQFKIbqy\noo5dIMrDrReZnMU3SB83fXWXSjOIYifiLO5UDlLEi/0iYvzgzQIh+9MI1nulD3gA\nlnzNdCgNxaca64esISKgcQHHSk9xQ6c/uW7BaAHVk+3cuNIcJ/zlxIRp1D87+CSh\npLY4ObdBW8LZLd4Y5WaU2Jo59PZEnTD7dLBe5JGqIB2fRO5Ce2IQHGSGsvzPrWhh\nYNq4xhFRgPSFWmuWRi1uoK5uPXiuxLummgXsRXqjwBs37/zbKLLtplYElI2LE6dD\nEiXkbTZMPWYpajCiKdmeocPqJs4BjBORIf8TJRdDR87YilyUAQKCAQEA8ZIjf2gN\nzf+c38BGqAdqRXeINiXVTl4jw2zubDgbMA90wiohvXQYq/wXm2BRtHTnB4qOIe+F\n5W5pGefNIEnTkUFWtnf85uO+Gk8OBbNo818dhrKMVuea8PQLKAu4kIm6bM0F72uK\nP5O+0oE6s0Nh5Ld9Emsh5uycEYcppdI05RT/Q1REtejvUMEnzRHnVjYyFIikNXuP\nGXC5lIdFGX8bnYGPSxacoJca2iNJRLw0ufMEPxqELTTwdlvOLr2tbTjE3P4L4CxU\n90fT2iDqz1oEUSGR/ybxCVuKp8bbPJQHcCdp7s3g1LgOrJ8fOvDQYrBgynOF2EQm\nbu/12R1SsPa+/QKCAQEA4UXKVPr6N8rApbUTf2/j21vqwAuvm4mjVsQUP5LsiQjf\nnSxm6hcFACx0SyY/QHXPKdjS4YcvmUQCeas/kXEusGeUUvLuVqfmANyGHzUp+r0I\nRfdoWrlB2ireioNQZhzJIpCa3eLRsKtQxSYts0jrz4djFmQj6N71rBGWiKRgL/UH\nAghMMXHGU8DhCr2vsM/2dxorSnh56ANRqSe8Uh2lyuV+mQYtPT9F4eoi+/LYWVfk\npTgrAN0oU9YuF0cjRGY5aQs/is5rp6bBBnM7kBj1guvFvKpfmMnszYGIQ1AuuxWX\nvtZ1wOZYJCEbygKw1p9Nx3EktxRihb/ttFG69BuZAQKCAQBnN0vXijwrwoXizKLj\n9Jchq1sV18B2RZ7+RzLwJmDnfhMjSyEzc8F+6q2jg9olQrXb8QWd1lvdlfluSi7J\nFwJA1CwattXmSXTWhOS25tt28TMKdIumLjtzrLJ/n9JyX4a6KjfY/pgJZjVoeDL+\nmVHgic306rWHl51vl9LhuRlEsF4JBJ5/I1HtrTo2UuoHWgy33VJcT7jq49FHdyy9\nIiRIfi0dpkGyFB4zClSp+8iDkyRDWi8TqcT8rWlBa2YIfvMOgbXNSOPc7GHGl738\nbrfdenyJCrh+iRCLc1oFXjJ3Zz/J+0mPWj1a4HpVksNXB4mztvx/VU8eo4TmCbNl\nTWh5AoIBADXz0RGpSmQyWxFU3OaYlanjycVVBynpPQV60J6pQZ1QUr4B9GP8P2Zb\nPz8AWgXGMWeEVn1NM0kx0KXzLbZXtSbqp8t2Az8d1yg9qKGwye0TePfI2WVhGTR3\nL/VcndTW8BUnLPAXcsEtRprxGeDmhhOeCU1DjpYnUA915uey9paFyLfj5NuytB07\nBKrd40YliJHd4qBjWk8G/HfW3HOORjbh4AAmSo9wp/wDZ32QG+DJ/CjV2vbKAO6T\nTVal4vxuvzE5UG6eIYp1laVF0+4fDC3e6ezVoS+mrOBLNadpfMex1DYQhwM8J7//\nbfhjzJaacLZjkreGWlJONVAKgwwT0AECggEBANpdXOJmkY2WBKFwcg+RgjIbCgvv\nVpWP+0myOpEHmuJFB5qUPBKTJrXxHcz05eEn2lU218UcW3svghZATMpXaSoZ+8Td\nNpSZq1vGoDreIjYUZvIyALqDBUah1RVoU7WvrOE68TqB7ITIxUFqyzGmbAvnQ16n\nCPrEnd3QkVwPy7ybW8rSAtOnlnm94W1Zcb/w8jkoGNkmVSh6b0vW3sJEuVxQaRXw\n+VZtH07L83chAqUheBNOPXm/NustXJDEgdOR/o6LpZjHBBqasZY217z/KMxz+Z39\nrbr/gUfopTj9zF5WGwRquXUATJ5RpUh8UvOy4qodm06gYA/KB895/BnrbEI=\n-----END RSA PRIVATE KEY-----\n",
      "type": "string",
      "sensitive": true
    },
    "ssh_username": {
      "value": "ec2-user",
      "type": "string"
    }
  },
  "resources": [
    {
      "module": "module.ec2",
      "mode": "data",
      "type": "aws_ami",
      "name": "amazon_linux",
      "provider": "provider[\"registry.terraform.io/hashicorp/aws\"]",
      "instances": [
        {
          "schema_version": 0,
          "attributes": {
            "architecture": "x86_64",
            "arn": "arn:aws:ec2:eu-west-1::image/ami-066734adba283ab4b",
            "block_device_mappings": [
              {
                "device_name": "/dev/xvda",
                "ebs": {
                  "delete_on_termination": "true",
                  "encrypted": "false",
                  "iops": "0",
                  "snapshot_id": "snap-0ee416f88be5aa152",
                  "throughput": "0",
                  "volume_size": "8",
                  "volume_type": "gp2"
                },
                "no_device": "",
                "virtual_name": ""
              }
            ],
            "boot_mode": "",
            "creation_date": "2025-04-05T01:42:18.000Z",
            "deprecation_time": "2025-07-04T01:42:00.000Z",
            "description": "Amazon Linux 2 AMI 2.0.20250405.0 x86_64 HVM gp2",
            "ena_support": true,
            "executable_users": null,
            "filter": [
              {
                "name": "name",
                "values": [
                  "amzn2-ami-hvm-*-x86_64-gp2"
                ]
              },
              {
                "name": "virtualization-type",
                "values": [
                  "hvm"
                ]
              }
            ],
            "hypervisor": "xen",
            "id": "ami-066734adba283ab4b",
            "image_id": "ami-066734adba283ab4b",
            "image_location": "amazon/amzn2-ami-hvm-2.0.20250405.0-x86_64-gp2",
            "image_owner_alias": "amazon",
            "image_type": "machine",
            "imds_support": "",
            "include_deprecated": false,
            "kernel_id": "",
            "most_recent": true,
            "name": "amzn2-ami-hvm-2.0.20250405.0-x86_64-gp2",
            "name_regex": null,
            "owner_id": "137112412989",
            "owners": [
              "amazon"
            ],
            "platform": "",
            "platform_details": "Linux/UNIX",
            "product_codes": [],
            "public": true,
            "ramdisk_id": "",
            "root_device_name": "/dev/xvda",
            "root_device_type": "ebs",
            "root_snapshot_id": "snap-0ee416f88be5aa152",
            "sriov_net_support": "simple",
            "state": "available",
            "state_reason": {
              "code": "UNSET",
              "message": "UNSET"
            },
            "tags": {},
            "timeouts": null,
            "tpm_support": "",
            "usage_operation": "RunInstances",
            "virtualization_type": "hvm"
          },
          "sensitive_attributes": []
        }
      ]
    },
    {
      "module": "module.ec2",
      "mode": "managed",
      "type": "aws_eip",
      "name": "api_eip",
      "provider": "provider[\"registry.terraform.io/hashicorp/aws\"]",
      "instances": [
        {
          "schema_version": 0,
          "attributes": {
            "address": null,
            "allocation_id": "eipalloc-0a5de4c30df3e6161",
            "associate_with_private_ip": null,
            "association_id": "eipassoc-08759deb3b87f1f89",
            "carrier_ip": "",
            "customer_owned_ip": "",
            "customer_owned_ipv4_pool": "",
            "domain": "vpc",
            "id": "eipalloc-0a5de4c30df3e6161",
            "instance": "i-07c1e42c1e3159798",
            "network_border_group": "eu-west-1",
            "network_interface": "eni-05cab5818b4b1c779",
            "private_dns": "ip-10-1-1-193.eu-west-1.compute.internal",
            "private_ip": "10.1.1.193",
            "public_dns": "ec2-54-246-160-243.eu-west-1.compute.amazonaws.com",
            "public_ip": "54.246.160.243",
            "public_ipv4_pool": "amazon",
            "tags": {
              "Name": "galaxy-api-eip"
            },
            "tags_all": {
              "Name": "galaxy-api-eip"
            },
            "timeouts": null,
            "vpc": true
          },
          "sensitive_attributes": [],
          "private": "eyJlMmJmYjczMC1lY2FhLTExZTYtOGY4OC0zNDM2M2JjN2M0YzAiOnsiZGVsZXRlIjoxODAwMDAwMDAwMDAsInJlYWQiOjkwMDAwMDAwMDAwMCwidXBkYXRlIjozMDAwMDAwMDAwMDB9fQ==",
          "dependencies": [
            "module.ec2.aws_iam_instance_profile.ec2_profile",
            "module.ec2.aws_iam_role.ec2_role",
            "module.ec2.aws_instance.api_server",
            "module.ec2.aws_key_pair.generated_key",
            "module.ec2.aws_security_group.api_sg",
            "module.ec2.aws_subnet.api_subnet",
            "module.ec2.aws_vpc.api_vpc",
            "module.ec2.data.aws_ami.amazon_linux",
            "module.ec2.tls_private_key.ssh_key",
            "module.rds.aws_db_instance.galaxy_db",
            "module.rds.aws_db_subnet_group.db_subnet_group",
            "module.rds.aws_security_group.db_sg",
            "module.rds.aws_subnet.db_subnet_1",
            "module.rds.aws_subnet.db_subnet_2",
            "module.rds.aws_vpc.db_vpc"
          ]
        }
      ]
    },
    {
      "module": "module.ec2",
      "mode": "managed",
      "type": "aws_iam_instance_profile",
      "name": "ec2_profile",
      "provider": "provider[\"registry.terraform.io/hashicorp/aws\"]",
      "instances": [
        {
          "schema_version": 0,
          "attributes": {
            "arn": "arn:aws:iam::958933916692:instance-profile/galaxy-ec2-profile",
            "create_date": "2025-04-15T21:22:40Z",
            "id": "galaxy-ec2-profile",
            "name": "galaxy-ec2-profile",
            "name_prefix": "",
            "path": "/",
            "role": "galaxy-ec2-role",
            "tags": {},
            "tags_all": {},
            "unique_id": "AIPA56RHKLQKOGCAOBX5K"
          },
          "sensitive_attributes": [],
          "private": "bnVsbA==",
          "dependencies": [
            "module.ec2.aws_iam_role.ec2_role"
          ]
        }
      ]
    },
    {
      "module": "module.ec2",
      "mode": "managed",
      "type": "aws_iam_role",
      "name": "ec2_role",
      "provider": "provider[\"registry.terraform.io/hashicorp/aws\"]",
      "instances": [
        {
          "schema_version": 0,
          "attributes": {
            "arn": "arn:aws:iam::958933916692:role/galaxy-ec2-role",
            "assume_role_policy": "{\"Statement\":[{\"Action\":\"sts:AssumeRole\",\"Effect\":\"Allow\",\"Principal\":{\"Service\":\"ec2.amazonaws.com\"}}],\"Version\":\"2012-10-17\"}",
            "create_date": "2025-04-15T21:22:38Z",
            "description": "",
            "force_detach_policies": false,
            "id": "galaxy-ec2-role",
            "inline_policy": [],
            "managed_policy_arns": [
              "arn:aws:iam::aws:policy/AmazonSSMManagedInstanceCore",
              "arn:aws:iam::aws:policy/EC2InstanceConnect"
            ],
            "max_session_duration": 3600,
            "name": "galaxy-ec2-role",
            "name_prefix": "",
            "path": "/",
            "permissions_boundary": null,
            "role_last_used": [
              {
                "last_used_date": "2025-04-16T19:54:25Z",
                "region": "eu-west-1"
              }
            ],
            "tags": {},
            "tags_all": {},
            "unique_id": "AROA56RHKLQKMVUYV7H42"
          },
          "sensitive_attributes": [],
          "private": "bnVsbA=="
        }
      ]
    },
    {
      "module": "module.ec2",
      "mode": "managed",
      "type": "aws_iam_role_policy_attachment",
      "name": "ec2_instance_connect_policy",
      "provider": "provider[\"registry.terraform.io/hashicorp/aws\"]",
      "instances": [
        {
          "schema_version": 0,
          "attributes": {
            "id": "galaxy-ec2-role-20250415212246251700000002",
            "policy_arn": "arn:aws:iam::aws:policy/EC2InstanceConnect",
            "role": "galaxy-ec2-role"
          },
          "sensitive_attributes": [],
          "private": "bnVsbA==",
          "dependencies": [
            "module.ec2.aws_iam_role.ec2_role"
          ]
        }
      ]
    },
    {
      "module": "module.ec2",
      "mode": "managed",
      "type": "aws_iam_role_policy_attachment",
      "name": "ssm_policy",
      "provider": "provider[\"registry.terraform.io/hashicorp/aws\"]",
      "instances": [
        {
          "schema_version": 0,
          "attributes": {
            "id": "galaxy-ec2-role-20250415212245924400000001",
            "policy_arn": "arn:aws:iam::aws:policy/AmazonSSMManagedInstanceCore",
            "role": "galaxy-ec2-role"
          },
          "sensitive_attributes": [],
          "private": "bnVsbA==",
          "dependencies": [
            "module.ec2.aws_iam_role.ec2_role"
          ]
        }
      ]
    },
    {
      "module": "module.ec2",
      "mode": "managed",
      "type": "aws_instance",
      "name": "api_server",
      "provider": "provider[\"registry.terraform.io/hashicorp/aws\"]",
      "instances": [
        {
          "schema_version": 1,
          "attributes": {
            "ami": "ami-066734adba283ab4b",
            "arn": "arn:aws:ec2:eu-west-1:958933916692:instance/i-07c1e42c1e3159798",
            "associate_public_ip_address": true,
            "availability_zone": "eu-west-1a",
            "capacity_reservation_specification": [
              {
                "capacity_reservation_preference": "open",
                "capacity_reservation_target": []
              }
            ],
            "cpu_core_count": 1,
            "cpu_options": [
              {
                "amd_sev_snp": "",
                "core_count": 1,
                "threads_per_core": 1
              }
            ],
            "cpu_threads_per_core": 1,
            "credit_specification": [
              {
                "cpu_credits": "standard"
              }
            ],
            "disable_api_stop": false,
            "disable_api_termination": false,
            "ebs_block_device": [],
            "ebs_optimized": false,
            "enclave_options": [
              {
                "enabled": false
              }
            ],
            "ephemeral_block_device": [],
            "get_password_data": false,
            "hibernation": false,
            "host_id": "",
            "host_resource_group_arn": null,
            "iam_instance_profile": "galaxy-ec2-profile",
            "id": "i-07c1e42c1e3159798",
            "instance_initiated_shutdown_behavior": "stop",
            "instance_state": "running",
            "instance_type": "t2.micro",
            "ipv6_address_count": 0,
            "ipv6_addresses": [],
            "key_name": "galaxy-api-key",
            "launch_template": [],
            "maintenance_options": [
              {
                "auto_recovery": "default"
              }
            ],
            "metadata_options": [
              {
                "http_endpoint": "enabled",
                "http_put_response_hop_limit": 1,
                "http_tokens": "optional",
                "instance_metadata_tags": "disabled"
              }
            ],
            "monitoring": false,
            "network_interface": [],
            "outpost_arn": "",
            "password_data": "",
            "placement_group": "",
            "placement_partition_number": 0,
            "primary_network_interface_id": "eni-05cab5818b4b1c779",
            "private_dns": "ip-10-1-1-193.eu-west-1.compute.internal",
            "private_dns_name_options": [
              {
                "enable_resource_name_dns_a_record": false,
                "enable_resource_name_dns_aaaa_record": false,
                "hostname_type": "ip-name"
              }
            ],
            "private_ip": "10.1.1.193",
            "public_dns": "ec2-54-246-160-243.eu-west-1.compute.amazonaws.com",
            "public_ip": "54.246.160.243",
            "root_block_device": [
              {
                "delete_on_termination": true,
                "device_name": "/dev/xvda",
                "encrypted": false,
                "iops": 100,
                "kms_key_id": "",
                "tags": {},
                "throughput": 0,
                "volume_id": "vol-064afd5a03fb47c7a",
                "volume_size": 8,
                "volume_type": "gp2"
              }
            ],
            "secondary_private_ips": [],
            "security_groups": [],
            "source_dest_check": true,
            "subnet_id": "subnet-08297853c79b6c865",
            "tags": {
              "Environment": "Production",
              "Name": "galaxy-api-server"
            },
            "tags_all": {
              "Environment": "Production",
              "Name": "galaxy-api-server"
            },
            "tenancy": "default",
            "timeouts": null,
            "user_data": "f31cb9d9bb87638d8198d7b5ddc245f63e6bfb62",
            "user_data_base64": null,
            "user_data_replace_on_change": true,
            "volume_tags": null,
            "vpc_security_group_ids": [
              "sg-080e6260ea776f475"
            ]
          },
          "sensitive_attributes": [
            [
              {
                "type": "get_attr",
                "value": "user_data"
              }
            ]
          ],
          "private": "eyJlMmJmYjczMC1lY2FhLTExZTYtOGY4OC0zNDM2M2JjN2M0YzAiOnsiY3JlYXRlIjo2MDAwMDAwMDAwMDAsImRlbGV0ZSI6MTIwMDAwMDAwMDAwMCwidXBkYXRlIjo2MDAwMDAwMDAwMDB9LCJzY2hlbWFfdmVyc2lvbiI6IjEifQ==",
          "dependencies": [
            "module.ec2.aws_iam_instance_profile.ec2_profile",
            "module.ec2.aws_iam_role.ec2_role",
            "module.ec2.aws_key_pair.generated_key",
            "module.ec2.aws_security_group.api_sg",
            "module.ec2.aws_subnet.api_subnet",
            "module.ec2.aws_vpc.api_vpc",
            "module.ec2.data.aws_ami.amazon_linux",
            "module.ec2.tls_private_key.ssh_key",
            "module.rds.aws_db_instance.galaxy_db",
            "module.rds.aws_db_subnet_group.db_subnet_group",
            "module.rds.aws_security_group.db_sg",
            "module.rds.aws_subnet.db_subnet_1",
            "module.rds.aws_subnet.db_subnet_2",
            "module.rds.aws_vpc.db_vpc"
          ]
        }
      ]
    },
    {
      "module": "module.ec2",
      "mode": "managed",
      "type": "aws_internet_gateway",
      "name": "api_igw",
      "provider": "provider[\"registry.terraform.io/hashicorp/aws\"]",
      "instances": [
        {
          "schema_version": 0,
          "attributes": {
            "arn": "arn:aws:ec2:eu-west-1:958933916692:internet-gateway/igw-01c4c005ac6538be9",
            "id": "igw-01c4c005ac6538be9",
            "owner_id": "958933916692",
            "tags": {
              "Name": "api-igw"
            },
            "tags_all": {
              "Name": "api-igw"
            },
            "timeouts": null,
            "vpc_id": "vpc-0f62025671dd3a8eb"
          },
          "sensitive_attributes": [],
          "private": "eyJlMmJmYjczMC1lY2FhLTExZTYtOGY4OC0zNDM2M2JjN2M0YzAiOnsiY3JlYXRlIjoxMjAwMDAwMDAwMDAwLCJkZWxldGUiOjEyMDAwMDAwMDAwMDAsInVwZGF0ZSI6MTIwMDAwMDAwMDAwMH19",
          "dependencies": [
            "module.ec2.aws_vpc.api_vpc"
          ]
        }
      ]
    },
    {
      "module": "module.ec2",
      "mode": "managed",
      "type": "aws_key_pair",
      "name": "generated_key",
      "provider": "provider[\"registry.terraform.io/hashicorp/aws\"]",
      "instances": [
        {
          "schema_version": 1,
          "attributes": {
            "arn": "arn:aws:ec2:eu-west-1:958933916692:key-pair/galaxy-api-key",
            "fingerprint": "88:b6:fc:f2:2c:7b:33:71:38:f4:63:dd:24:0e:69:f6",
            "id": "galaxy-api-key",
            "key_name": "galaxy-api-key",
            "key_name_prefix": "",
            "key_pair_id": "key-067ceb5d202f293a1",
            "key_type": "rsa",
            "public_key": "ssh-rsa AAAAB3NzaC1yc2EAAAADAQABAAACAQDUk0yEDJYvtgacrS35MAhBczGPdNulR6xJd+zarv2um75SAVrrj7A9+/5mv9jyf3YrixP5i/+w+FYy1EJSu6AWZFFXMT9+wjQoKI5Tl3rkJXgLIxGPq1tf7d6awLqpHsj92o+xL6601fTPB20DFgISBM9Apjjh+kTSj8urudBqj/Nzvo0yb0tL24lSFr5PXz+mO4PUeKOutD78lU5W4G5GQ5Tm9kWTt74bj0p8ux+WBulkB8Hg0VyKTYcqvwjZy3X5JftO7YjkfDLBnfdDn4C/a1l2g9YN+ja1jHvrr5HfkrDsgItap6ziL+8obzCVPlRxLNzQTbZx5shrjYcmHYyBnsB/9+ZSKcxoG+DiUNQhQ3+0kj9Qopft6871uV3t05+sNbRtzECForIjCaRutGfTv+UIhzbiwTDnlk5knaq9oYOm3zgosnjSoEqwuxwGY8ySmBzO837pbML/gxRNasnm4LIKkTBYiVhbnSVD/2rZgn3FCsVwLDH6oZuz++BbLFKbRiquL5EbNZeERdEv/tEVN+AP5c+OWmF+nDJ+kCWr2zFvfm/OJI+UfyKs1wNndDS9SYI3JsSmUwKSZaOJr0jzDwzQYrgisL5aeqv1mFNuz239blfEpZh6Qx5FU0ncfYK2gwU45AMYTxjqybo4gMYv/S3zLD5A+tvJXDH3ccrz/Q==",
            "tags": {},
            "tags_all": {}
          },
          "sensitive_attributes": [],
          "private": "eyJzY2hlbWFfdmVyc2lvbiI6IjEifQ==",
          "dependencies": [
            "module.ec2.tls_private_key.ssh_key"
          ]
        }
      ]
    },
    {
      "module": "module.ec2",
      "mode": "managed",
      "type": "aws_route_table",
      "name": "api_rt",
      "provider": "provider[\"registry.terraform.io/hashicorp/aws\"]",
      "instances": [
        {
          "schema_version": 0,
          "attributes": {
            "arn": "arn:aws:ec2:eu-west-1:958933916692:route-table/rtb-0e45ce8a9be2355a1",
            "id": "rtb-0e45ce8a9be2355a1",
            "owner_id": "958933916692",
            "propagating_vgws": [],
            "route": [
              {
                "carrier_gateway_id": "",
                "cidr_block": "0.0.0.0/0",
                "core_network_arn": "",
                "destination_prefix_list_id": "",
                "egress_only_gateway_id": "",
                "gateway_id": "igw-01c4c005ac6538be9",
                "instance_id": "",
                "ipv6_cidr_block": "",
                "local_gateway_id": "",
                "nat_gateway_id": "",
                "network_interface_id": "",
                "transit_gateway_id": "",
                "vpc_endpoint_id": "",
                "vpc_peering_connection_id": ""
              }
            ],
            "tags": {
              "Name": "api-rt"
            },
            "tags_all": {
              "Name": "api-rt"
            },
            "timeouts": null,
            "vpc_id": "vpc-0f62025671dd3a8eb"
          },
          "sensitive_attributes": [],
          "private": "eyJlMmJmYjczMC1lY2FhLTExZTYtOGY4OC0zNDM2M2JjN2M0YzAiOnsiY3JlYXRlIjozMDAwMDAwMDAwMDAsImRlbGV0ZSI6MzAwMDAwMDAwMDAwLCJ1cGRhdGUiOjEyMDAwMDAwMDAwMH19",
          "dependencies": [
            "module.ec2.aws_internet_gateway.api_igw",
            "module.ec2.aws_vpc.api_vpc"
          ]
        }
      ]
    },
    {
      "module": "module.ec2",
      "mode": "managed",
      "type": "aws_route_table_association",
      "name": "api_rta",
      "provider": "provider[\"registry.terraform.io/hashicorp/aws\"]",
      "instances": [
        {
          "schema_version": 0,
          "attributes": {
            "gateway_id": "",
            "id": "rtbassoc-056ecc7bab7775bdf",
            "route_table_id": "rtb-0e45ce8a9be2355a1",
            "subnet_id": "subnet-08297853c79b6c865",
            "timeouts": null
          },
          "sensitive_attributes": [],
          "private": "eyJlMmJmYjczMC1lY2FhLTExZTYtOGY4OC0zNDM2M2JjN2M0YzAiOnsiY3JlYXRlIjozMDAwMDAwMDAwMDAsImRlbGV0ZSI6MzAwMDAwMDAwMDAwLCJ1cGRhdGUiOjEyMDAwMDAwMDAwMH19",
          "dependencies": [
            "module.ec2.aws_internet_gateway.api_igw",
            "module.ec2.aws_route_table.api_rt",
            "module.ec2.aws_subnet.api_subnet",
            "module.ec2.aws_vpc.api_vpc"
          ]
        }
      ]
    },
    {
      "module": "module.ec2",
      "mode": "managed",
      "type": "aws_security_group",
      "name": "api_sg",
      "provider": "provider[\"registry.terraform.io/hashicorp/aws\"]",
      "instances": [
        {
          "schema_version": 1,
          "attributes": {
            "arn": "arn:aws:ec2:eu-west-1:958933916692:security-group/sg-080e6260ea776f475",
            "description": "Allow web and SSH traffic",
            "egress": [
              {
                "cidr_blocks": [
                  "0.0.0.0/0"
                ],
                "description": "",
                "from_port": 0,
                "ipv6_cidr_blocks": [],
                "prefix_list_ids": [],
                "protocol": "-1",
                "security_groups": [],
                "self": false,
                "to_port": 0
              }
            ],
            "id": "sg-080e6260ea776f475",
            "ingress": [
              {
                "cidr_blocks": [
                  "0.0.0.0/0"
                ],
                "description": ".NET API Ports",
                "from_port": 5000,
                "ipv6_cidr_blocks": [],
                "prefix_list_ids": [],
                "protocol": "tcp",
                "security_groups": [],
                "self": false,
                "to_port": 5001
              },
              {
                "cidr_blocks": [
                  "0.0.0.0/0"
                ],
                "description": "HTTP",
                "from_port": 80,
                "ipv6_cidr_blocks": [],
                "prefix_list_ids": [],
                "protocol": "tcp",
                "security_groups": [],
                "self": false,
                "to_port": 80
              },
              {
                "cidr_blocks": [
                  "0.0.0.0/0"
                ],
                "description": "HTTPS",
                "from_port": 443,
                "ipv6_cidr_blocks": [],
                "prefix_list_ids": [],
                "protocol": "tcp",
                "security_groups": [],
                "self": false,
                "to_port": 443
              },
              {
                "cidr_blocks": [
                  "0.0.0.0/0"
                ],
                "description": "SSH",
                "from_port": 22,
                "ipv6_cidr_blocks": [],
                "prefix_list_ids": [],
                "protocol": "tcp",
                "security_groups": [],
                "self": false,
                "to_port": 22
              }
            ],
            "name": "galaxy-api-sg",
            "name_prefix": "",
            "owner_id": "958933916692",
            "revoke_rules_on_delete": false,
            "tags": {
              "Name": "galaxy-api-sg"
            },
            "tags_all": {
              "Name": "galaxy-api-sg"
            },
            "timeouts": null,
            "vpc_id": "vpc-0f62025671dd3a8eb"
          },
          "sensitive_attributes": [],
          "private": "eyJlMmJmYjczMC1lY2FhLTExZTYtOGY4OC0zNDM2M2JjN2M0YzAiOnsiY3JlYXRlIjo2MDAwMDAwMDAwMDAsImRlbGV0ZSI6OTAwMDAwMDAwMDAwfSwic2NoZW1hX3ZlcnNpb24iOiIxIn0=",
          "dependencies": [
            "module.ec2.aws_vpc.api_vpc"
          ]
        }
      ]
    },
    {
      "module": "module.ec2",
      "mode": "managed",
      "type": "aws_subnet",
      "name": "api_subnet",
      "provider": "provider[\"registry.terraform.io/hashicorp/aws\"]",
      "instances": [
        {
          "schema_version": 1,
          "attributes": {
            "arn": "arn:aws:ec2:eu-west-1:958933916692:subnet/subnet-08297853c79b6c865",
            "assign_ipv6_address_on_creation": false,
            "availability_zone": "eu-west-1a",
            "availability_zone_id": "euw1-az2",
            "cidr_block": "10.1.1.0/24",
            "customer_owned_ipv4_pool": "",
            "enable_dns64": false,
            "enable_lni_at_device_index": 0,
            "enable_resource_name_dns_a_record_on_launch": false,
            "enable_resource_name_dns_aaaa_record_on_launch": false,
            "id": "subnet-08297853c79b6c865",
            "ipv6_cidr_block": "",
            "ipv6_cidr_block_association_id": "",
            "ipv6_native": false,
            "map_customer_owned_ip_on_launch": false,
            "map_public_ip_on_launch": true,
            "outpost_arn": "",
            "owner_id": "958933916692",
            "private_dns_hostname_type_on_launch": "ip-name",
            "tags": {
              "Name": "api-subnet"
            },
            "tags_all": {
              "Name": "api-subnet"
            },
            "timeouts": null,
            "vpc_id": "vpc-0f62025671dd3a8eb"
          },
          "sensitive_attributes": [],
          "private": "eyJlMmJmYjczMC1lY2FhLTExZTYtOGY4OC0zNDM2M2JjN2M0YzAiOnsiY3JlYXRlIjo2MDAwMDAwMDAwMDAsImRlbGV0ZSI6MTIwMDAwMDAwMDAwMH0sInNjaGVtYV92ZXJzaW9uIjoiMSJ9",
          "dependencies": [
            "module.ec2.aws_vpc.api_vpc"
          ]
        }
      ]
    },
    {
      "module": "module.ec2",
      "mode": "managed",
      "type": "aws_vpc",
      "name": "api_vpc",
      "provider": "provider[\"registry.terraform.io/hashicorp/aws\"]",
      "instances": [
        {
          "schema_version": 1,
          "attributes": {
            "arn": "arn:aws:ec2:eu-west-1:958933916692:vpc/vpc-0f62025671dd3a8eb",
            "assign_generated_ipv6_cidr_block": false,
            "cidr_block": "10.1.0.0/16",
            "default_network_acl_id": "acl-0e1edbe2af5987655",
            "default_route_table_id": "rtb-01191b2be723452a2",
            "default_security_group_id": "sg-01ed1fdfdad738db7",
            "dhcp_options_id": "dopt-09af779b290edc80d",
            "enable_classiclink": false,
            "enable_classiclink_dns_support": false,
            "enable_dns_hostnames": true,
            "enable_dns_support": true,
            "enable_network_address_usage_metrics": false,
            "id": "vpc-0f62025671dd3a8eb",
            "instance_tenancy": "default",
            "ipv4_ipam_pool_id": null,
            "ipv4_netmask_length": null,
            "ipv6_association_id": "",
            "ipv6_cidr_block": "",
            "ipv6_cidr_block_network_border_group": "",
            "ipv6_ipam_pool_id": "",
            "ipv6_netmask_length": 0,
            "main_route_table_id": "rtb-01191b2be723452a2",
            "owner_id": "958933916692",
            "tags": {
              "Name": "api-vpc"
            },
            "tags_all": {
              "Name": "api-vpc"
            }
          },
          "sensitive_attributes": [],
          "private": "eyJzY2hlbWFfdmVyc2lvbiI6IjEifQ=="
        }
      ]
    },
    {
      "module": "module.ec2",
      "mode": "managed",
      "type": "tls_private_key",
      "name": "ssh_key",
      "provider": "provider[\"registry.terraform.io/hashicorp/tls\"]",
      "instances": [
        {
          "schema_version": 1,
          "attributes": {
            "algorithm": "RSA",
            "ecdsa_curve": "P224",
            "id": "f72417baec5d8ac6ffba94ed0dcc355595d4836b",
            "private_key_openssh": "-----BEGIN OPENSSH PRIVATE KEY-----\nb3BlbnNzaC1rZXktdjEAAAAABG5vbmUAAAAEbm9uZQAAAAAAAAABAAACFwAAAAdz\nc2gtcnNhAAAAAwEAAQAAAgEA1JNMhAyWL7YGnK0t+TAIQXMxj3TbpUesSXfs2q79\nrpu+UgFa64+wPfv+Zr/Y8n92K4sT+Yv/sPhWMtRCUrugFmRRVzE/fsI0KCiOU5d6\n5CV4CyMRj6tbX+3emsC6qR7I/dqPsS+utNX0zwdtAxYCEgTPQKY44fpE0o/Lq7nQ\nao/zc76NMm9LS9uJUha+T18/pjuD1HijrrQ+/JVOVuBuRkOU5vZFk7e+G49KfLsf\nlgbpZAfB4NFcik2HKr8I2ct1+SX7Tu2I5HwywZ33Q5+Av2tZdoPWDfo2tYx766+R\n35Kw7ICLWqes4i/vKG8wlT5UcSzc0E22cebIa42HJh2MgZ7Af/fmUinMaBvg4lDU\nIUN/tJI/UKKX7evO9bld7dOfrDW0bcxAhaKyIwmkbrRn07/lCIc24sEw55ZOZJ2q\nvaGDpt84KLJ40qBKsLscBmPMkpgczvN+6WzC/4MUTWrJ5uCyCpEwWIlYW50lQ/9q\n2YJ9xQrFcCwx+qGbs/vgWyxSm0Yqri+RGzWXhEXRL/7RFTfgD+XPjlphfpwyfpAl\nq9sxb35vziSPlH8irNcDZ3Q0vUmCNybEplMCkmWjia9I8w8M0GK4IrC+Wnqr9ZhT\nbs9t/W5XxKWYekMeRVNJ3H2CtoMFOOQDGE8Y6sm6OIDGL/0t8yw+QPrbyVwx93HK\n8/0AAAc4piXiG6Yl4hsAAAAHc3NoLXJzYQAAAgEA1JNMhAyWL7YGnK0t+TAIQXMx\nj3TbpUesSXfs2q79rpu+UgFa64+wPfv+Zr/Y8n92K4sT+Yv/sPhWMtRCUrugFmRR\nVzE/fsI0KCiOU5d65CV4CyMRj6tbX+3emsC6qR7I/dqPsS+utNX0zwdtAxYCEgTP\nQKY44fpE0o/Lq7nQao/zc76NMm9LS9uJUha+T18/pjuD1HijrrQ+/JVOVuBuRkOU\n5vZFk7e+G49KfLsflgbpZAfB4NFcik2HKr8I2ct1+SX7Tu2I5HwywZ33Q5+Av2tZ\ndoPWDfo2tYx766+R35Kw7ICLWqes4i/vKG8wlT5UcSzc0E22cebIa42HJh2MgZ7A\nf/fmUinMaBvg4lDUIUN/tJI/UKKX7evO9bld7dOfrDW0bcxAhaKyIwmkbrRn07/l\nCIc24sEw55ZOZJ2qvaGDpt84KLJ40qBKsLscBmPMkpgczvN+6WzC/4MUTWrJ5uCy\nCpEwWIlYW50lQ/9q2YJ9xQrFcCwx+qGbs/vgWyxSm0Yqri+RGzWXhEXRL/7RFTfg\nD+XPjlphfpwyfpAlq9sxb35vziSPlH8irNcDZ3Q0vUmCNybEplMCkmWjia9I8w8M\n0GK4IrC+Wnqr9ZhTbs9t/W5XxKWYekMeRVNJ3H2CtoMFOOQDGE8Y6sm6OIDGL/0t\n8yw+QPrbyVwx93HK8/0AAAADAQABAAACAHjhBgq06ZZZ6OqhI9pmcNte+Ni9t8UF\nu7fPZTV5erIWyCPzt1LqU2r7589f2qsSxgy+um4WKSDmJoYi41AOd1skUojFbXjU\nUDphzYVFR1GC6P9UQsEyzPQA3KudWseexOZtqXY1SiB05g/wBhJSKn06lOwLWZ9O\n5GHj+Qo+0IA4OVUhD0OVu/h3719ppXCXFieeAjoJG/LVdlfFQ1Xtq2dzOLIZark0\nK/uaAN5qvexfI8qJCruf8gKHUYyCMzM+GmjCK2TXeBeNdINbI2clxV2UWrwk/czW\n8tNL/o+oN8gtr0PdWOEFJi882L9icvr7BaORwkMFXfDpLiDSyv5moSVuu2KWpSq8\nzRheLumvs6QwPEnWxpWJAUohurKijl0gysOtF5mcxTdIHzd9dZdKM4hiJ+Is7lQO\nUsSL/SJi/ODNAiH70wjWe6UPeACWfM10KA3Fpxrrh6whIqBxAcdKT3FDpz+5bsFo\nAdWT7dy40hwn/OXEhGnUPzv4JKGktjg5t0Fbwtkt3hjlZpTYmjn09kSdMPt0sF7k\nkaogHZ9E7kJ7YhAcZIay/M+taGFg2rjGEVGA9IVaa5ZGLW6grm49eK7Eu6aaBexF\neqPAGzfv/Nsosu2mVgSUjYsTp0MSJeRtNkw9ZilqMKIp2Z6hw+omzgGME5Eh/xMl\nF0NHztiKXJQBAAABAQDaXVziZpGNlgShcHIPkYIyGwoL71aVj/tJsjqRB5riRQea\nlDwSkya18R3M9OXhJ9pVNtfFHFt7L4IWQEzKV2kqGfvE3TaUmatbxqA63iI2FGby\nMgC6gwVGodUVaFO1r6zhOvE6geyEyMVBassxpmwL50Nepwj6xJ3d0JFcD8u8m1vK\n0gLTp5Z5veFtWXG/8PI5KBjZJlUoem9L1t7CRLlcUGkV8PlWbR9Oy/N3IQKlIXgT\nTj15vzbrLVyQxIHTkf6Oi6WYxwQamrGWNte8/yjMc/md/a26/4FH6KU4/cxeVhsE\narl1AEyeUaVIfFLzsuKqHZtOoGAPygfPefwZ62xCAAABAQDxkiN/aA3N/5zfwEao\nB2pFd4g2JdVOXiPDbO5sOBswD3TCKiG9dBir/BebYFG0dOcHio4h74XlbmkZ580g\nSdORQVa2d/zm474aTw4Fs2jzXx2GsoxW55rw9AsoC7iQibpszQXva4o/k77SgTqz\nQ2Hkt30SayHm7JwRhyml0jTlFP9DVES16O9QwSfNEedWNjIUiKQ1e48ZcLmUh0UZ\nfxudgY9LFpyglxraI0lEvDS58wQ/GoQtNPB2W84uva1tOMTc/gvgLFT3R9PaIOrP\nWgRRIZH/JvEJW4qnxts8lAdwJ2nuzeDUuA6snx868NBisGDKc4XYRCZu7/XZHVKw\n9r79AAABAQDhRcpU+vo3ysCltRN/b+PbW+rAC6+biaNWxBQ/kuyJCN+dLGbqFwUA\nLHRLJj9Adc8p2NLhhy+ZRAJ5qz+RcS6wZ5RS8u5Wp+YA3IYfNSn6vQhF92hauUHa\nKt6Kg1BmHMkikJrd4tGwq1DFJi2zSOvPh2MWZCPo3vWsEZaIpGAv9QcCCEwxccZT\nwOEKva+wz/Z3GitKeHnoA1GpJ7xSHaXK5X6ZBi09P0Xh6iL78thZV+SlOCsA3ShT\n1i4XRyNEZjlpCz+KzmunpsEGczuQGPWC68W8ql+YyezNgYhDUC67FZe+1nXA5lgk\nIRvKArDWn03HcSS3FGKFv+20Ubr0G5kBAAAAAAEC\n-----END OPENSSH PRIVATE KEY-----\n",
            "private_key_pem": "-----BEGIN RSA PRIVATE KEY-----\nMIIJKAIBAAKCAgEA1JNMhAyWL7YGnK0t+TAIQXMxj3TbpUesSXfs2q79rpu+UgFa\n64+wPfv+Zr/Y8n92K4sT+Yv/sPhWMtRCUrugFmRRVzE/fsI0KCiOU5d65CV4CyMR\nj6tbX+3emsC6qR7I/dqPsS+utNX0zwdtAxYCEgTPQKY44fpE0o/Lq7nQao/zc76N\nMm9LS9uJUha+T18/pjuD1HijrrQ+/JVOVuBuRkOU5vZFk7e+G49KfLsflgbpZAfB\n4NFcik2HKr8I2ct1+SX7Tu2I5HwywZ33Q5+Av2tZdoPWDfo2tYx766+R35Kw7ICL\nWqes4i/vKG8wlT5UcSzc0E22cebIa42HJh2MgZ7Af/fmUinMaBvg4lDUIUN/tJI/\nUKKX7evO9bld7dOfrDW0bcxAhaKyIwmkbrRn07/lCIc24sEw55ZOZJ2qvaGDpt84\nKLJ40qBKsLscBmPMkpgczvN+6WzC/4MUTWrJ5uCyCpEwWIlYW50lQ/9q2YJ9xQrF\ncCwx+qGbs/vgWyxSm0Yqri+RGzWXhEXRL/7RFTfgD+XPjlphfpwyfpAlq9sxb35v\nziSPlH8irNcDZ3Q0vUmCNybEplMCkmWjia9I8w8M0GK4IrC+Wnqr9ZhTbs9t/W5X\nxKWYekMeRVNJ3H2CtoMFOOQDGE8Y6sm6OIDGL/0t8yw+QPrbyVwx93HK8/0CAwEA\nAQKCAgB44QYKtOmWWejqoSPaZnDbXvjYvbfFBbu3z2U1eXqyFsgj87dS6lNq++fP\nX9qrEsYMvrpuFikg5iaGIuNQDndbJFKIxW141FA6Yc2FRUdRguj/VELBMsz0ANyr\nnVrHnsTmbal2NUogdOYP8AYSUip9OpTsC1mfTuRh4/kKPtCAODlVIQ9Dlbv4d+9f\naaVwlxYnngI6CRvy1XZXxUNV7atncziyGWq5NCv7mgDear3sXyPKiQq7n/ICh1GM\ngjMzPhpowitk13gXjXSDWyNnJcVdlFq8JP3M1vLTS/6PqDfILa9D3VjhBSYvPNi/\nYnL6+wWjkcJDBV3w6S4g0sr+ZqElbrtilqUqvM0YXi7pr7OkMDxJ1saViQFKIbqy\noo5dIMrDrReZnMU3SB83fXWXSjOIYifiLO5UDlLEi/0iYvzgzQIh+9MI1nulD3gA\nlnzNdCgNxaca64esISKgcQHHSk9xQ6c/uW7BaAHVk+3cuNIcJ/zlxIRp1D87+CSh\npLY4ObdBW8LZLd4Y5WaU2Jo59PZEnTD7dLBe5JGqIB2fRO5Ce2IQHGSGsvzPrWhh\nYNq4xhFRgPSFWmuWRi1uoK5uPXiuxLummgXsRXqjwBs37/zbKLLtplYElI2LE6dD\nEiXkbTZMPWYpajCiKdmeocPqJs4BjBORIf8TJRdDR87YilyUAQKCAQEA8ZIjf2gN\nzf+c38BGqAdqRXeINiXVTl4jw2zubDgbMA90wiohvXQYq/wXm2BRtHTnB4qOIe+F\n5W5pGefNIEnTkUFWtnf85uO+Gk8OBbNo818dhrKMVuea8PQLKAu4kIm6bM0F72uK\nP5O+0oE6s0Nh5Ld9Emsh5uycEYcppdI05RT/Q1REtejvUMEnzRHnVjYyFIikNXuP\nGXC5lIdFGX8bnYGPSxacoJca2iNJRLw0ufMEPxqELTTwdlvOLr2tbTjE3P4L4CxU\n90fT2iDqz1oEUSGR/ybxCVuKp8bbPJQHcCdp7s3g1LgOrJ8fOvDQYrBgynOF2EQm\nbu/12R1SsPa+/QKCAQEA4UXKVPr6N8rApbUTf2/j21vqwAuvm4mjVsQUP5LsiQjf\nnSxm6hcFACx0SyY/QHXPKdjS4YcvmUQCeas/kXEusGeUUvLuVqfmANyGHzUp+r0I\nRfdoWrlB2ireioNQZhzJIpCa3eLRsKtQxSYts0jrz4djFmQj6N71rBGWiKRgL/UH\nAghMMXHGU8DhCr2vsM/2dxorSnh56ANRqSe8Uh2lyuV+mQYtPT9F4eoi+/LYWVfk\npTgrAN0oU9YuF0cjRGY5aQs/is5rp6bBBnM7kBj1guvFvKpfmMnszYGIQ1AuuxWX\nvtZ1wOZYJCEbygKw1p9Nx3EktxRihb/ttFG69BuZAQKCAQBnN0vXijwrwoXizKLj\n9Jchq1sV18B2RZ7+RzLwJmDnfhMjSyEzc8F+6q2jg9olQrXb8QWd1lvdlfluSi7J\nFwJA1CwattXmSXTWhOS25tt28TMKdIumLjtzrLJ/n9JyX4a6KjfY/pgJZjVoeDL+\nmVHgic306rWHl51vl9LhuRlEsF4JBJ5/I1HtrTo2UuoHWgy33VJcT7jq49FHdyy9\nIiRIfi0dpkGyFB4zClSp+8iDkyRDWi8TqcT8rWlBa2YIfvMOgbXNSOPc7GHGl738\nbrfdenyJCrh+iRCLc1oFXjJ3Zz/J+0mPWj1a4HpVksNXB4mztvx/VU8eo4TmCbNl\nTWh5AoIBADXz0RGpSmQyWxFU3OaYlanjycVVBynpPQV60J6pQZ1QUr4B9GP8P2Zb\nPz8AWgXGMWeEVn1NM0kx0KXzLbZXtSbqp8t2Az8d1yg9qKGwye0TePfI2WVhGTR3\nL/VcndTW8BUnLPAXcsEtRprxGeDmhhOeCU1DjpYnUA915uey9paFyLfj5NuytB07\nBKrd40YliJHd4qBjWk8G/HfW3HOORjbh4AAmSo9wp/wDZ32QG+DJ/CjV2vbKAO6T\nTVal4vxuvzE5UG6eIYp1laVF0+4fDC3e6ezVoS+mrOBLNadpfMex1DYQhwM8J7//\nbfhjzJaacLZjkreGWlJONVAKgwwT0AECggEBANpdXOJmkY2WBKFwcg+RgjIbCgvv\nVpWP+0myOpEHmuJFB5qUPBKTJrXxHcz05eEn2lU218UcW3svghZATMpXaSoZ+8Td\nNpSZq1vGoDreIjYUZvIyALqDBUah1RVoU7WvrOE68TqB7ITIxUFqyzGmbAvnQ16n\nCPrEnd3QkVwPy7ybW8rSAtOnlnm94W1Zcb/w8jkoGNkmVSh6b0vW3sJEuVxQaRXw\n+VZtH07L83chAqUheBNOPXm/NustXJDEgdOR/o6LpZjHBBqasZY217z/KMxz+Z39\nrbr/gUfopTj9zF5WGwRquXUATJ5RpUh8UvOy4qodm06gYA/KB895/BnrbEI=\n-----END RSA PRIVATE KEY-----\n",
            "private_key_pem_pkcs8": "-----BEGIN PRIVATE KEY-----\nMIIJQgIBADANBgkqhkiG9w0BAQEFAASCCSwwggkoAgEAAoICAQDUk0yEDJYvtgac\nrS35MAhBczGPdNulR6xJd+zarv2um75SAVrrj7A9+/5mv9jyf3YrixP5i/+w+FYy\n1EJSu6AWZFFXMT9+wjQoKI5Tl3rkJXgLIxGPq1tf7d6awLqpHsj92o+xL6601fTP\nB20DFgISBM9Apjjh+kTSj8urudBqj/Nzvo0yb0tL24lSFr5PXz+mO4PUeKOutD78\nlU5W4G5GQ5Tm9kWTt74bj0p8ux+WBulkB8Hg0VyKTYcqvwjZy3X5JftO7YjkfDLB\nnfdDn4C/a1l2g9YN+ja1jHvrr5HfkrDsgItap6ziL+8obzCVPlRxLNzQTbZx5shr\njYcmHYyBnsB/9+ZSKcxoG+DiUNQhQ3+0kj9Qopft6871uV3t05+sNbRtzECForIj\nCaRutGfTv+UIhzbiwTDnlk5knaq9oYOm3zgosnjSoEqwuxwGY8ySmBzO837pbML/\ngxRNasnm4LIKkTBYiVhbnSVD/2rZgn3FCsVwLDH6oZuz++BbLFKbRiquL5EbNZeE\nRdEv/tEVN+AP5c+OWmF+nDJ+kCWr2zFvfm/OJI+UfyKs1wNndDS9SYI3JsSmUwKS\nZaOJr0jzDwzQYrgisL5aeqv1mFNuz239blfEpZh6Qx5FU0ncfYK2gwU45AMYTxjq\nybo4gMYv/S3zLD5A+tvJXDH3ccrz/QIDAQABAoICAHjhBgq06ZZZ6OqhI9pmcNte\n+Ni9t8UFu7fPZTV5erIWyCPzt1LqU2r7589f2qsSxgy+um4WKSDmJoYi41AOd1sk\nUojFbXjUUDphzYVFR1GC6P9UQsEyzPQA3KudWseexOZtqXY1SiB05g/wBhJSKn06\nlOwLWZ9O5GHj+Qo+0IA4OVUhD0OVu/h3719ppXCXFieeAjoJG/LVdlfFQ1Xtq2dz\nOLIZark0K/uaAN5qvexfI8qJCruf8gKHUYyCMzM+GmjCK2TXeBeNdINbI2clxV2U\nWrwk/czW8tNL/o+oN8gtr0PdWOEFJi882L9icvr7BaORwkMFXfDpLiDSyv5moSVu\nu2KWpSq8zRheLumvs6QwPEnWxpWJAUohurKijl0gysOtF5mcxTdIHzd9dZdKM4hi\nJ+Is7lQOUsSL/SJi/ODNAiH70wjWe6UPeACWfM10KA3Fpxrrh6whIqBxAcdKT3FD\npz+5bsFoAdWT7dy40hwn/OXEhGnUPzv4JKGktjg5t0Fbwtkt3hjlZpTYmjn09kSd\nMPt0sF7kkaogHZ9E7kJ7YhAcZIay/M+taGFg2rjGEVGA9IVaa5ZGLW6grm49eK7E\nu6aaBexFeqPAGzfv/Nsosu2mVgSUjYsTp0MSJeRtNkw9ZilqMKIp2Z6hw+omzgGM\nE5Eh/xMlF0NHztiKXJQBAoIBAQDxkiN/aA3N/5zfwEaoB2pFd4g2JdVOXiPDbO5s\nOBswD3TCKiG9dBir/BebYFG0dOcHio4h74XlbmkZ580gSdORQVa2d/zm474aTw4F\ns2jzXx2GsoxW55rw9AsoC7iQibpszQXva4o/k77SgTqzQ2Hkt30SayHm7JwRhyml\n0jTlFP9DVES16O9QwSfNEedWNjIUiKQ1e48ZcLmUh0UZfxudgY9LFpyglxraI0lE\nvDS58wQ/GoQtNPB2W84uva1tOMTc/gvgLFT3R9PaIOrPWgRRIZH/JvEJW4qnxts8\nlAdwJ2nuzeDUuA6snx868NBisGDKc4XYRCZu7/XZHVKw9r79AoIBAQDhRcpU+vo3\nysCltRN/b+PbW+rAC6+biaNWxBQ/kuyJCN+dLGbqFwUALHRLJj9Adc8p2NLhhy+Z\nRAJ5qz+RcS6wZ5RS8u5Wp+YA3IYfNSn6vQhF92hauUHaKt6Kg1BmHMkikJrd4tGw\nq1DFJi2zSOvPh2MWZCPo3vWsEZaIpGAv9QcCCEwxccZTwOEKva+wz/Z3GitKeHno\nA1GpJ7xSHaXK5X6ZBi09P0Xh6iL78thZV+SlOCsA3ShT1i4XRyNEZjlpCz+Kzmun\npsEGczuQGPWC68W8ql+YyezNgYhDUC67FZe+1nXA5lgkIRvKArDWn03HcSS3FGKF\nv+20Ubr0G5kBAoIBAGc3S9eKPCvCheLMouP0lyGrWxXXwHZFnv5HMvAmYOd+EyNL\nITNzwX7qraOD2iVCtdvxBZ3WW92V+W5KLskXAkDULBq21eZJdNaE5Lbm23bxMwp0\ni6YuO3Ossn+f0nJfhroqN9j+mAlmNWh4Mv6ZUeCJzfTqtYeXnW+X0uG5GUSwXgkE\nnn8jUe2tOjZS6gdaDLfdUlxPuOrj0Ud3LL0iJEh+LR2mQbIUHjMKVKn7yIOTJENa\nLxOpxPytaUFrZgh+8w6Btc1I49zsYcaXvfxut916fIkKuH6JEItzWgVeMndnP8n7\nSY9aPVrgelWSw1cHibO2/H9VTx6jhOYJs2VNaHkCggEANfPREalKZDJbEVTc5piV\nqePJxVUHKek9BXrQnqlBnVBSvgH0Y/w/Zls/PwBaBcYxZ4RWfU0zSTHQpfMttle1\nJuqny3YDPx3XKD2oobDJ7RN498jZZWEZNHcv9Vyd1NbwFScs8BdywS1GmvEZ4OaG\nE54JTUOOlidQD3Xm57L2loXIt+Pk27K0HTsEqt3jRiWIkd3ioGNaTwb8d9bcc45G\nNuHgACZKj3Cn/ANnfZAb4Mn8KNXa9soA7pNNVqXi/G6/MTlQbp4hinWVpUXT7h8M\nLd7p7NWhL6as4Es1p2l8x7HUNhCHAzwnv/9t+GPMlppwtmOSt4ZaUk41UAqDDBPQ\nAQKCAQEA2l1c4maRjZYEoXByD5GCMhsKC+9WlY/7SbI6kQea4kUHmpQ8EpMmtfEd\nzPTl4SfaVTbXxRxbey+CFkBMyldpKhn7xN02lJmrW8agOt4iNhRm8jIAuoMFRqHV\nFWhTta+s4TrxOoHshMjFQWrLMaZsC+dDXqcI+sSd3dCRXA/LvJtbytIC06eWeb3h\nbVlxv/DyOSgY2SZVKHpvS9bewkS5XFBpFfD5Vm0fTsvzdyECpSF4E049eb826y1c\nkMSB05H+joulmMcEGpqxljbXvP8ozHP5nf2tuv+BR+ilOP3MXlYbBGq5dQBMnlGl\nSHxS87Liqh2bTqBgD8oHz3n8GetsQg==\n-----END PRIVATE KEY-----\n",
            "public_key_fingerprint_md5": "cd:c3:73:b4:cb:1c:5e:d1:37:47:40:a6:8c:be:bf:a3",
            "public_key_fingerprint_sha256": "SHA256:eflUwlLcdndiMnhegi1H5DVjq0hPPZk1aWYgyR+pfSA",
            "public_key_openssh": "ssh-rsa AAAAB3NzaC1yc2EAAAADAQABAAACAQDUk0yEDJYvtgacrS35MAhBczGPdNulR6xJd+zarv2um75SAVrrj7A9+/5mv9jyf3YrixP5i/+w+FYy1EJSu6AWZFFXMT9+wjQoKI5Tl3rkJXgLIxGPq1tf7d6awLqpHsj92o+xL6601fTPB20DFgISBM9Apjjh+kTSj8urudBqj/Nzvo0yb0tL24lSFr5PXz+mO4PUeKOutD78lU5W4G5GQ5Tm9kWTt74bj0p8ux+WBulkB8Hg0VyKTYcqvwjZy3X5JftO7YjkfDLBnfdDn4C/a1l2g9YN+ja1jHvrr5HfkrDsgItap6ziL+8obzCVPlRxLNzQTbZx5shrjYcmHYyBnsB/9+ZSKcxoG+DiUNQhQ3+0kj9Qopft6871uV3t05+sNbRtzECForIjCaRutGfTv+UIhzbiwTDnlk5knaq9oYOm3zgosnjSoEqwuxwGY8ySmBzO837pbML/gxRNasnm4LIKkTBYiVhbnSVD/2rZgn3FCsVwLDH6oZuz++BbLFKbRiquL5EbNZeERdEv/tEVN+AP5c+OWmF+nDJ+kCWr2zFvfm/OJI+UfyKs1wNndDS9SYI3JsSmUwKSZaOJr0jzDwzQYrgisL5aeqv1mFNuz239blfEpZh6Qx5FU0ncfYK2gwU45AMYTxjqybo4gMYv/S3zLD5A+tvJXDH3ccrz/Q==\n",
            "public_key_pem": "-----BEGIN PUBLIC KEY-----\nMIICIjANBgkqhkiG9w0BAQEFAAOCAg8AMIICCgKCAgEA1JNMhAyWL7YGnK0t+TAI\nQXMxj3TbpUesSXfs2q79rpu+UgFa64+wPfv+Zr/Y8n92K4sT+Yv/sPhWMtRCUrug\nFmRRVzE/fsI0KCiOU5d65CV4CyMRj6tbX+3emsC6qR7I/dqPsS+utNX0zwdtAxYC\nEgTPQKY44fpE0o/Lq7nQao/zc76NMm9LS9uJUha+T18/pjuD1HijrrQ+/JVOVuBu\nRkOU5vZFk7e+G49KfLsflgbpZAfB4NFcik2HKr8I2ct1+SX7Tu2I5HwywZ33Q5+A\nv2tZdoPWDfo2tYx766+R35Kw7ICLWqes4i/vKG8wlT5UcSzc0E22cebIa42HJh2M\ngZ7Af/fmUinMaBvg4lDUIUN/tJI/UKKX7evO9bld7dOfrDW0bcxAhaKyIwmkbrRn\n07/lCIc24sEw55ZOZJ2qvaGDpt84KLJ40qBKsLscBmPMkpgczvN+6WzC/4MUTWrJ\n5uCyCpEwWIlYW50lQ/9q2YJ9xQrFcCwx+qGbs/vgWyxSm0Yqri+RGzWXhEXRL/7R\nFTfgD+XPjlphfpwyfpAlq9sxb35vziSPlH8irNcDZ3Q0vUmCNybEplMCkmWjia9I\n8w8M0GK4IrC+Wnqr9ZhTbs9t/W5XxKWYekMeRVNJ3H2CtoMFOOQDGE8Y6sm6OIDG\nL/0t8yw+QPrbyVwx93HK8/0CAwEAAQ==\n-----END PUBLIC KEY-----\n",
            "rsa_bits": 4096
          },
          "sensitive_attributes": [
            [
              {
                "type": "get_attr",
                "value": "private_key_pem"
              }
            ],
            [
              {
                "type": "get_attr",
                "value": "private_key_pem_pkcs8"
              }
            ],
            [
              {
                "type": "get_attr",
                "value": "private_key_openssh"
              }
            ]
          ]
        }
      ]
    },
    {
      "module": "module.rds",
      "mode": "managed",
      "type": "aws_db_instance",
      "name": "galaxy_db",
      "provider": "provider[\"registry.terraform.io/hashicorp/aws\"]",
      "instances": [
        {
          "schema_version": 1,
          "attributes": {
            "address": "galaxy-db.cpnugokqk56v.eu-west-1.rds.amazonaws.com",
            "allocated_storage": 20,
            "allow_major_version_upgrade": null,
            "apply_immediately": false,
            "arn": "arn:aws:rds:eu-west-1:958933916692:db:galaxy-db",
            "auto_minor_version_upgrade": true,
            "availability_zone": "eu-west-1b",
            "backup_retention_period": 0,
            "backup_window": "04:32-05:02",
            "blue_green_update": [],
            "ca_cert_identifier": "rds-ca-rsa2048-g1",
            "character_set_name": "",
            "copy_tags_to_snapshot": false,
            "custom_iam_instance_profile": "",
            "customer_owned_ip_enabled": false,
            "db_name": "galaxy",
            "db_subnet_group_name": "galaxy-db-subnet-group",
            "delete_automated_backups": true,
            "deletion_protection": false,
            "domain": "",
            "domain_iam_role_name": "",
            "enabled_cloudwatch_logs_exports": [],
            "endpoint": "galaxy-db.cpnugokqk56v.eu-west-1.rds.amazonaws.com:5432",
            "engine": "postgres",
            "engine_version": "17.4",
            "engine_version_actual": "17.4",
            "final_snapshot_identifier": null,
            "hosted_zone_id": "Z29XKXDKYMONMX",
            "iam_database_authentication_enabled": false,
            "id": "galaxy-db",
            "identifier": "galaxy-db",
            "identifier_prefix": "",
            "instance_class": "db.t4g.micro",
            "iops": 0,
            "kms_key_id": "",
            "latest_restorable_time": "",
            "license_model": "postgresql-license",
            "listener_endpoint": [],
            "maintenance_window": "sun:03:18-sun:03:48",
            "manage_master_user_password": null,
            "master_user_secret": [],
            "master_user_secret_kms_key_id": null,
            "max_allocated_storage": 0,
            "monitoring_interval": 0,
            "monitoring_role_arn": "",
            "multi_az": false,
            "name": "galaxy",
            "nchar_character_set_name": "",
            "network_type": "IPV4",
            "option_group_name": "default:postgres-17",
            "parameter_group_name": "default.postgres17",
            "password": "galaxydb123",
            "performance_insights_enabled": false,
            "performance_insights_kms_key_id": "",
            "performance_insights_retention_period": 0,
            "port": 5432,
            "publicly_accessible": true,
            "replica_mode": "",
            "replicas": [],
            "replicate_source_db": "",
            "resource_id": "db-RPLROCCZCLDFQ26W2KCSKVSLGA",
            "restore_to_point_in_time": [],
            "s3_import": [],
            "security_group_names": [],
            "skip_final_snapshot": true,
            "snapshot_identifier": null,
            "status": "available",
            "storage_encrypted": false,
            "storage_throughput": 0,
            "storage_type": "gp2",
            "tags": {
              "Name": "galaxy-db"
            },
            "tags_all": {
              "Name": "galaxy-db"
            },
            "timeouts": null,
            "timezone": "",
            "username": "galaxy",
            "vpc_security_group_ids": [
              "sg-0b784047b1e3da4d5"
            ]
          },
          "sensitive_attributes": [
            [
              {
                "type": "get_attr",
                "value": "password"
              }
            ]
          ],
          "private": "eyJlMmJmYjczMC1lY2FhLTExZTYtOGY4OC0zNDM2M2JjN2M0YzAiOnsiY3JlYXRlIjoyNDAwMDAwMDAwMDAwLCJkZWxldGUiOjM2MDAwMDAwMDAwMDAsInVwZGF0ZSI6NDgwMDAwMDAwMDAwMH0sInNjaGVtYV92ZXJzaW9uIjoiMSJ9",
          "dependencies": [
            "module.rds.aws_db_subnet_group.db_subnet_group",
            "module.rds.aws_security_group.db_sg",
            "module.rds.aws_subnet.db_subnet_1",
            "module.rds.aws_subnet.db_subnet_2",
            "module.rds.aws_vpc.db_vpc"
          ]
        }
      ]
    },
    {
      "module": "module.rds",
      "mode": "managed",
      "type": "aws_db_subnet_group",
      "name": "db_subnet_group",
      "provider": "provider[\"registry.terraform.io/hashicorp/aws\"]",
      "instances": [
        {
          "schema_version": 0,
          "attributes": {
            "arn": "arn:aws:rds:eu-west-1:958933916692:subgrp:galaxy-db-subnet-group",
            "description": "Managed by Terraform",
            "id": "galaxy-db-subnet-group",
            "name": "galaxy-db-subnet-group",
            "name_prefix": "",
            "subnet_ids": [
              "subnet-0d7a6b1d2bd10097d",
              "subnet-0f548ed3610395fcc"
            ],
            "supported_network_types": [
              "IPV4"
            ],
            "tags": {
              "Name": "galaxy-db-subnet-group"
            },
            "tags_all": {
              "Name": "galaxy-db-subnet-group"
            },
            "vpc_id": "vpc-06fbfd9cb9f3f8a06"
          },
          "sensitive_attributes": [],
          "private": "bnVsbA==",
          "dependencies": [
            "module.rds.aws_subnet.db_subnet_1",
            "module.rds.aws_subnet.db_subnet_2",
            "module.rds.aws_vpc.db_vpc"
          ]
        }
      ]
    },
    {
      "module": "module.rds",
      "mode": "managed",
      "type": "aws_internet_gateway",
      "name": "db_igw",
      "provider": "provider[\"registry.terraform.io/hashicorp/aws\"]",
      "instances": [
        {
          "schema_version": 0,
          "attributes": {
            "arn": "arn:aws:ec2:eu-west-1:958933916692:internet-gateway/igw-0a8180aca80654a26",
            "id": "igw-0a8180aca80654a26",
            "owner_id": "958933916692",
            "tags": {
              "Name": "db-igw"
            },
            "tags_all": {
              "Name": "db-igw"
            },
            "timeouts": null,
            "vpc_id": "vpc-06fbfd9cb9f3f8a06"
          },
          "sensitive_attributes": [],
          "private": "eyJlMmJmYjczMC1lY2FhLTExZTYtOGY4OC0zNDM2M2JjN2M0YzAiOnsiY3JlYXRlIjoxMjAwMDAwMDAwMDAwLCJkZWxldGUiOjEyMDAwMDAwMDAwMDAsInVwZGF0ZSI6MTIwMDAwMDAwMDAwMH19",
          "dependencies": [
            "module.rds.aws_vpc.db_vpc"
          ]
        }
      ]
    },
    {
      "module": "module.rds",
      "mode": "managed",
      "type": "aws_route_table",
      "name": "db_rt",
      "provider": "provider[\"registry.terraform.io/hashicorp/aws\"]",
      "instances": [
        {
          "schema_version": 0,
          "attributes": {
            "arn": "arn:aws:ec2:eu-west-1:958933916692:route-table/rtb-00dc523abb28f7305",
            "id": "rtb-00dc523abb28f7305",
            "owner_id": "958933916692",
            "propagating_vgws": [],
            "route": [
              {
                "carrier_gateway_id": "",
                "cidr_block": "0.0.0.0/0",
                "core_network_arn": "",
                "destination_prefix_list_id": "",
                "egress_only_gateway_id": "",
                "gateway_id": "igw-0a8180aca80654a26",
                "instance_id": "",
                "ipv6_cidr_block": "",
                "local_gateway_id": "",
                "nat_gateway_id": "",
                "network_interface_id": "",
                "transit_gateway_id": "",
                "vpc_endpoint_id": "",
                "vpc_peering_connection_id": ""
              }
            ],
            "tags": {
              "Name": "db-rt"
            },
            "tags_all": {
              "Name": "db-rt"
            },
            "timeouts": null,
            "vpc_id": "vpc-06fbfd9cb9f3f8a06"
          },
          "sensitive_attributes": [],
          "private": "eyJlMmJmYjczMC1lY2FhLTExZTYtOGY4OC0zNDM2M2JjN2M0YzAiOnsiY3JlYXRlIjozMDAwMDAwMDAwMDAsImRlbGV0ZSI6MzAwMDAwMDAwMDAwLCJ1cGRhdGUiOjEyMDAwMDAwMDAwMH19",
          "dependencies": [
            "module.rds.aws_internet_gateway.db_igw",
            "module.rds.aws_vpc.db_vpc"
          ]
        }
      ]
    },
    {
      "module": "module.rds",
      "mode": "managed",
      "type": "aws_route_table_association",
      "name": "db_rta_1",
      "provider": "provider[\"registry.terraform.io/hashicorp/aws\"]",
      "instances": [
        {
          "schema_version": 0,
          "attributes": {
            "gateway_id": "",
            "id": "rtbassoc-0b08a511cba947103",
            "route_table_id": "rtb-00dc523abb28f7305",
            "subnet_id": "subnet-0f548ed3610395fcc",
            "timeouts": null
          },
          "sensitive_attributes": [],
          "private": "eyJlMmJmYjczMC1lY2FhLTExZTYtOGY4OC0zNDM2M2JjN2M0YzAiOnsiY3JlYXRlIjozMDAwMDAwMDAwMDAsImRlbGV0ZSI6MzAwMDAwMDAwMDAwLCJ1cGRhdGUiOjEyMDAwMDAwMDAwMH19",
          "dependencies": [
            "module.rds.aws_internet_gateway.db_igw",
            "module.rds.aws_route_table.db_rt",
            "module.rds.aws_subnet.db_subnet_1",
            "module.rds.aws_vpc.db_vpc"
          ]
        }
      ]
    },
    {
      "module": "module.rds",
      "mode": "managed",
      "type": "aws_route_table_association",
      "name": "db_rta_2",
      "provider": "provider[\"registry.terraform.io/hashicorp/aws\"]",
      "instances": [
        {
          "schema_version": 0,
          "attributes": {
            "gateway_id": "",
            "id": "rtbassoc-094df0cd15e08c52a",
            "route_table_id": "rtb-00dc523abb28f7305",
            "subnet_id": "subnet-0d7a6b1d2bd10097d",
            "timeouts": null
          },
          "sensitive_attributes": [],
          "private": "eyJlMmJmYjczMC1lY2FhLTExZTYtOGY4OC0zNDM2M2JjN2M0YzAiOnsiY3JlYXRlIjozMDAwMDAwMDAwMDAsImRlbGV0ZSI6MzAwMDAwMDAwMDAwLCJ1cGRhdGUiOjEyMDAwMDAwMDAwMH19",
          "dependencies": [
            "module.rds.aws_internet_gateway.db_igw",
            "module.rds.aws_route_table.db_rt",
            "module.rds.aws_subnet.db_subnet_2",
            "module.rds.aws_vpc.db_vpc"
          ]
        }
      ]
    },
    {
      "module": "module.rds",
      "mode": "managed",
      "type": "aws_security_group",
      "name": "db_sg",
      "provider": "provider[\"registry.terraform.io/hashicorp/aws\"]",
      "instances": [
        {
          "schema_version": 1,
          "attributes": {
            "arn": "arn:aws:ec2:eu-west-1:958933916692:security-group/sg-0b784047b1e3da4d5",
            "description": "Allow inbound traffic to the database",
            "egress": [
              {
                "cidr_blocks": [
                  "0.0.0.0/0"
                ],
                "description": "",
                "from_port": 0,
                "ipv6_cidr_blocks": [],
                "prefix_list_ids": [],
                "protocol": "-1",
                "security_groups": [],
                "self": false,
                "to_port": 0
              }
            ],
            "id": "sg-0b784047b1e3da4d5",
            "ingress": [
              {
                "cidr_blocks": [
                  "0.0.0.0/0"
                ],
                "description": "",
                "from_port": 5432,
                "ipv6_cidr_blocks": [],
                "prefix_list_ids": [],
                "protocol": "tcp",
                "security_groups": [],
                "self": false,
                "to_port": 5432
              }
            ],
            "name": "galaxy-db-sg",
            "name_prefix": "",
            "owner_id": "958933916692",
            "revoke_rules_on_delete": false,
            "tags": {
              "Name": "galaxy-db-sg"
            },
            "tags_all": {
              "Name": "galaxy-db-sg"
            },
            "timeouts": null,
            "vpc_id": "vpc-06fbfd9cb9f3f8a06"
          },
          "sensitive_attributes": [],
          "private": "eyJlMmJmYjczMC1lY2FhLTExZTYtOGY4OC0zNDM2M2JjN2M0YzAiOnsiY3JlYXRlIjo2MDAwMDAwMDAwMDAsImRlbGV0ZSI6OTAwMDAwMDAwMDAwfSwic2NoZW1hX3ZlcnNpb24iOiIxIn0=",
          "dependencies": [
            "module.rds.aws_vpc.db_vpc"
          ]
        }
      ]
    },
    {
      "module": "module.rds",
      "mode": "managed",
      "type": "aws_subnet",
      "name": "db_subnet_1",
      "provider": "provider[\"registry.terraform.io/hashicorp/aws\"]",
      "instances": [
        {
          "schema_version": 1,
          "attributes": {
            "arn": "arn:aws:ec2:eu-west-1:958933916692:subnet/subnet-0f548ed3610395fcc",
            "assign_ipv6_address_on_creation": false,
            "availability_zone": "eu-west-1a",
            "availability_zone_id": "euw1-az2",
            "cidr_block": "10.0.1.0/24",
            "customer_owned_ipv4_pool": "",
            "enable_dns64": false,
            "enable_lni_at_device_index": 0,
            "enable_resource_name_dns_a_record_on_launch": false,
            "enable_resource_name_dns_aaaa_record_on_launch": false,
            "id": "subnet-0f548ed3610395fcc",
            "ipv6_cidr_block": "",
            "ipv6_cidr_block_association_id": "",
            "ipv6_native": false,
            "map_customer_owned_ip_on_launch": false,
            "map_public_ip_on_launch": true,
            "outpost_arn": "",
            "owner_id": "958933916692",
            "private_dns_hostname_type_on_launch": "ip-name",
            "tags": {
              "Name": "db-subnet-1"
            },
            "tags_all": {
              "Name": "db-subnet-1"
            },
            "timeouts": null,
            "vpc_id": "vpc-06fbfd9cb9f3f8a06"
          },
          "sensitive_attributes": [],
          "private": "eyJlMmJmYjczMC1lY2FhLTExZTYtOGY4OC0zNDM2M2JjN2M0YzAiOnsiY3JlYXRlIjo2MDAwMDAwMDAwMDAsImRlbGV0ZSI6MTIwMDAwMDAwMDAwMH0sInNjaGVtYV92ZXJzaW9uIjoiMSJ9",
          "dependencies": [
            "module.rds.aws_vpc.db_vpc"
          ]
        }
      ]
    },
    {
      "module": "module.rds",
      "mode": "managed",
      "type": "aws_subnet",
      "name": "db_subnet_2",
      "provider": "provider[\"registry.terraform.io/hashicorp/aws\"]",
      "instances": [
        {
          "schema_version": 1,
          "attributes": {
            "arn": "arn:aws:ec2:eu-west-1:958933916692:subnet/subnet-0d7a6b1d2bd10097d",
            "assign_ipv6_address_on_creation": false,
            "availability_zone": "eu-west-1b",
            "availability_zone_id": "euw1-az3",
            "cidr_block": "10.0.2.0/24",
            "customer_owned_ipv4_pool": "",
            "enable_dns64": false,
            "enable_lni_at_device_index": 0,
            "enable_resource_name_dns_a_record_on_launch": false,
            "enable_resource_name_dns_aaaa_record_on_launch": false,
            "id": "subnet-0d7a6b1d2bd10097d",
            "ipv6_cidr_block": "",
            "ipv6_cidr_block_association_id": "",
            "ipv6_native": false,
            "map_customer_owned_ip_on_launch": false,
            "map_public_ip_on_launch": true,
            "outpost_arn": "",
            "owner_id": "958933916692",
            "private_dns_hostname_type_on_launch": "ip-name",
            "tags": {
              "Name": "db-subnet-2"
            },
            "tags_all": {
              "Name": "db-subnet-2"
            },
            "timeouts": null,
            "vpc_id": "vpc-06fbfd9cb9f3f8a06"
          },
          "sensitive_attributes": [],
          "private": "eyJlMmJmYjczMC1lY2FhLTExZTYtOGY4OC0zNDM2M2JjN2M0YzAiOnsiY3JlYXRlIjo2MDAwMDAwMDAwMDAsImRlbGV0ZSI6MTIwMDAwMDAwMDAwMH0sInNjaGVtYV92ZXJzaW9uIjoiMSJ9",
          "dependencies": [
            "module.rds.aws_vpc.db_vpc"
          ]
        }
      ]
    },
    {
      "module": "module.rds",
      "mode": "managed",
      "type": "aws_vpc",
      "name": "db_vpc",
      "provider": "provider[\"registry.terraform.io/hashicorp/aws\"]",
      "instances": [
        {
          "schema_version": 1,
          "attributes": {
            "arn": "arn:aws:ec2:eu-west-1:958933916692:vpc/vpc-06fbfd9cb9f3f8a06",
            "assign_generated_ipv6_cidr_block": false,
            "cidr_block": "10.0.0.0/16",
            "default_network_acl_id": "acl-02c05f2b40c62f62c",
            "default_route_table_id": "rtb-059013d45fb5720b1",
            "default_security_group_id": "sg-01a063c617170e860",
            "dhcp_options_id": "dopt-09af779b290edc80d",
            "enable_classiclink": false,
            "enable_classiclink_dns_support": false,
            "enable_dns_hostnames": true,
            "enable_dns_support": true,
            "enable_network_address_usage_metrics": false,
            "id": "vpc-06fbfd9cb9f3f8a06",
            "instance_tenancy": "default",
            "ipv4_ipam_pool_id": null,
            "ipv4_netmask_length": null,
            "ipv6_association_id": "",
            "ipv6_cidr_block": "",
            "ipv6_cidr_block_network_border_group": "",
            "ipv6_ipam_pool_id": "",
            "ipv6_netmask_length": 0,
            "main_route_table_id": "rtb-059013d45fb5720b1",
            "owner_id": "958933916692",
            "tags": {
              "Name": "db-vpc"
            },
            "tags_all": {
              "Name": "db-vpc"
            }
          },
          "sensitive_attributes": [],
          "private": "eyJzY2hlbWFfdmVyc2lvbiI6IjEifQ=="
        }
      ]
    }
  ],
  "check_results": null
}
